
Microsoft Visual Studio Solution File, Format Version 12.00
# Visual Studio 2012
Project("{FAE04EC0-301F-11D3-BF4B-00C04F79EFBC}") = "Aggregates", "Aggregates\Aggregates.csproj", "{9D33A486-99AF-441F-96A2-E697F278E1AB}"
EndProject
Project("{FAE04EC0-301F-11D3-BF4B-00C04F79EFBC}") = "Aggregates.Shell", "Aggregates.Shell\Aggregates.Shell.csproj", "{0C3753B4-6D41-4E1A-A588-E12A3690C5F5}"
EndProject
Global
	GlobalSection(SolutionConfigurationPlatforms) = preSolution
		Debug|Any CPU = Debug|Any CPU
		Release|Any CPU = Release|Any CPU
	EndGlobalSection
	GlobalSection(ProjectConfigurationPlatforms) = postSolution
		{9D33A486-99AF-441F-96A2-E697F278E1AB}.Debug|Any CPU.ActiveCfg = Debug|Any CPU
		{9D33A486-99AF-441F-96A2-E697F278E1AB}.Debug|Any CPU.Build.0 = Debug|Any CPU
		{9D33A486-99AF-441F-96A2-E697F278E1AB}.Release|Any CPU.ActiveCfg = Release|Any CPU
		{9D33A486-99AF-441F-96A2-E697F278E1AB}.Release|Any CPU.Build.0 = Release|Any CPU
		{0C3753B4-6D41-4E1A-A588-E12A3690C5F5}.Debug|Any CPU.ActiveCfg = Debug|Any CPU
		{0C3753B4-6D41-4E1A-A588-E12A3690C5F5}.Debug|Any CPU.Build.0 = Debug|Any CPU
		{0C3753B4-6D41-4E1A-A588-E12A3690C5F5}.Release|Any CPU.ActiveCfg = Release|Any CPU
		{0C3753B4-6D41-4E1A-A588-E12A3690C5F5}.Release|Any CPU.Build.0 = Release|Any CPU
	EndGlobalSection
	GlobalSection(SolutionProperties) = preSolution
		HideSolutionNode = FALSE
	EndGlobalSection
EndGlobal
